
Microsoft Visual Studio Solution File, Format Version 12.00
# Visual Studio 15
VisualStudioVersion = 15.0.26730.16
MinimumVisualStudioVersion = 10.0.40219.1
Project("{FAE04EC0-301F-11D3-BF4B-00C04F79EFBC}") = "ReWriteURL", "ReWriteURL\ReWriteURL.csproj", "{9769D3CF-661A-4871-A85F-75D7899A6C91}"
EndProject
Project("{FAE04EC0-301F-11D3-BF4B-00C04F79EFBC}") = "ReWriteURL.Tests", "ReWriteURL.Tests\ReWriteURL.Tests.csproj", "{429373DC-0557-40BC-B616-1DB91561D163}"
EndProject
Global
	GlobalSection(SolutionConfigurationPlatforms) = preSolution
		Debug|Any CPU = Debug|Any CPU
		Release|Any CPU = Release|Any CPU
	EndGlobalSection
	GlobalSection(ProjectConfigurationPlatforms) = postSolution
		{9769D3CF-661A-4871-A85F-75D7899A6C91}.Debug|Any CPU.ActiveCfg = Debug|Any CPU
		{9769D3CF-661A-4871-A85F-75D7899A6C91}.Debug|Any CPU.Build.0 = Debug|Any CPU
		{9769D3CF-661A-4871-A85F-75D7899A6C91}.Release|Any CPU.ActiveCfg = Release|Any CPU
		{9769D3CF-661A-4871-A85F-75D7899A6C91}.Release|Any CPU.Build.0 = Release|Any CPU
		{429373DC-0557-40BC-B616-1DB91561D163}.Debug|Any CPU.ActiveCfg = Debug|Any CPU
		{429373DC-0557-40BC-B616-1DB91561D163}.Debug|Any CPU.Build.0 = Debug|Any CPU
		{429373DC-0557-40BC-B616-1DB91561D163}.Release|Any CPU.ActiveCfg = Release|Any CPU
		{429373DC-0557-40BC-B616-1DB91561D163}.Release|Any CPU.Build.0 = Release|Any CPU
	EndGlobalSection
	GlobalSection(SolutionProperties) = preSolution
		HideSolutionNode = FALSE
	EndGlobalSection
	GlobalSection(ExtensibilityGlobals) = postSolution
		SolutionGuid = {AFD5E2E9-7E1D-45A0-AF74-E9BEB289D1E8}
	EndGlobalSection
EndGlobal
